// !$*UTF8*$!
{
	archiveVersion = 1;
	classes = {
	};
	objectVersion = 56;
	objects = {

/* Begin PBXBuildFile section */
		D328271F29B172E900B1677A /* WhiskeyPlease.xcdatamodeld in Sources */ = {isa = PBXBuildFile; fileRef = D328271D29B172E900B1677A /* WhiskeyPlease.xcdatamodeld */; };
		D328272129B1745100B1677A /* WhiskeyCoreData.swift in Sources */ = {isa = PBXBuildFile; fileRef = D328272029B1745100B1677A /* WhiskeyCoreData.swift */; };
		D328273D29BA21C500B1677A /* ProfileCoreData.swift in Sources */ = {isa = PBXBuildFile; fileRef = D328273C29BA21C500B1677A /* ProfileCoreData.swift */; };
		D35626EA2978925E00926239 /* AppDelegate.swift in Sources */ = {isa = PBXBuildFile; fileRef = D35626E92978925E00926239 /* AppDelegate.swift */; };
		D35626EC2978925E00926239 /* SceneDelegate.swift in Sources */ = {isa = PBXBuildFile; fileRef = D35626EB2978925E00926239 /* SceneDelegate.swift */; };
		D35626EE2978925E00926239 /* ViewController.swift in Sources */ = {isa = PBXBuildFile; fileRef = D35626ED2978925E00926239 /* ViewController.swift */; };
		D35626F12978925E00926239 /* Main.storyboard in Resources */ = {isa = PBXBuildFile; fileRef = D35626EF2978925E00926239 /* Main.storyboard */; };
		D35626F32978925F00926239 /* Assets.xcassets in Resources */ = {isa = PBXBuildFile; fileRef = D35626F22978925F00926239 /* Assets.xcassets */; };
		D35626F62978925F00926239 /* LaunchScreen.storyboard in Resources */ = {isa = PBXBuildFile; fileRef = D35626F42978925F00926239 /* LaunchScreen.storyboard */; };
		D3562702297DF3C100926239 /* ArticleTableViewCell.swift in Sources */ = {isa = PBXBuildFile; fileRef = D3562701297DF3C100926239 /* ArticleTableViewCell.swift */; };
		D35A6A2929898C4400E4CAD2 /* articles.json in Resources */ = {isa = PBXBuildFile; fileRef = D35A6A2829898C4400E4CAD2 /* articles.json */; };
		D35A6A2B29898C7200E4CAD2 /* LoadArticles.swift in Sources */ = {isa = PBXBuildFile; fileRef = D35A6A2A29898C7200E4CAD2 /* LoadArticles.swift */; };
		D35A6A2D29898CCE00E4CAD2 /* ArticleStructs.swift in Sources */ = {isa = PBXBuildFile; fileRef = D35A6A2C29898CCE00E4CAD2 /* ArticleStructs.swift */; };
		D35A6A382989BA8F00E4CAD2 /* johnniewalkerIcon.jpeg in Resources */ = {isa = PBXBuildFile; fileRef = D35A6A332989BA8F00E4CAD2 /* johnniewalkerIcon.jpeg */; };
		D35A6A392989BA8F00E4CAD2 /* ballantinesIcon.jpeg in Resources */ = {isa = PBXBuildFile; fileRef = D35A6A342989BA8F00E4CAD2 /* ballantinesIcon.jpeg */; };
		D35A6A3A2989BA8F00E4CAD2 /* jackdanielsIcon.jpeg in Resources */ = {isa = PBXBuildFile; fileRef = D35A6A352989BA8F00E4CAD2 /* jackdanielsIcon.jpeg */; };
		D35A6A3B2989BA8F00E4CAD2 /* jamesonIcon.jpeg in Resources */ = {isa = PBXBuildFile; fileRef = D35A6A362989BA8F00E4CAD2 /* jamesonIcon.jpeg */; };
		D35A6A3C2989BA8F00E4CAD2 /* jimbeamIcon.jpeg in Resources */ = {isa = PBXBuildFile; fileRef = D35A6A372989BA8F00E4CAD2 /* jimbeamIcon.jpeg */; };
		D35A6A42298AECFB00E4CAD2 /* grantsIcon.jpeg in Resources */ = {isa = PBXBuildFile; fileRef = D35A6A3D298AECFB00E4CAD2 /* grantsIcon.jpeg */; };
		D35A6A43298AECFB00E4CAD2 /* yamazakiIcon.jpeg in Resources */ = {isa = PBXBuildFile; fileRef = D35A6A3E298AECFB00E4CAD2 /* yamazakiIcon.jpeg */; };
		D35A6A44298AECFB00E4CAD2 /* makersmarkIcon.jpeg in Resources */ = {isa = PBXBuildFile; fileRef = D35A6A3F298AECFB00E4CAD2 /* makersmarkIcon.jpeg */; };
		D35A6A45298AECFB00E4CAD2 /* tullamoredewIcon.jpeg in Resources */ = {isa = PBXBuildFile; fileRef = D35A6A40298AECFB00E4CAD2 /* tullamoredewIcon.jpeg */; };
		D35A6A46298AECFB00E4CAD2 /* thefamousgrouseIcon.jpeg in Resources */ = {isa = PBXBuildFile; fileRef = D35A6A41298AECFB00E4CAD2 /* thefamousgrouseIcon.jpeg */; };
		D35A6A62298C712100E4CAD2 /* MyWhiskeysView.swift in Sources */ = {isa = PBXBuildFile; fileRef = D35A6A61298C712100E4CAD2 /* MyWhiskeysView.swift */; };
		D35A6A64298C7A2C00E4CAD2 /* ProfileView.swift in Sources */ = {isa = PBXBuildFile; fileRef = D35A6A63298C7A2C00E4CAD2 /* ProfileView.swift */; };
		D35A6A6629906A1300E4CAD2 /* ReviewedWhiskey.swift in Sources */ = {isa = PBXBuildFile; fileRef = D35A6A6529906A1300E4CAD2 /* ReviewedWhiskey.swift */; };
		D35A6A6829916A1500E4CAD2 /* ReviewedWhiskeyCollectionViewCell.swift in Sources */ = {isa = PBXBuildFile; fileRef = D35A6A6729916A1500E4CAD2 /* ReviewedWhiskeyCollectionViewCell.swift */; };
		D365E21D2980328F00CE9CFE /* ArticleDetailView.swift in Sources */ = {isa = PBXBuildFile; fileRef = D365E21C2980328F00CE9CFE /* ArticleDetailView.swift */; };
		D39491BD2992F9E300DA3A13 /* RatingController.swift in Sources */ = {isa = PBXBuildFile; fileRef = D39491BC2992F9E300DA3A13 /* RatingController.swift */; };
		D39491BF2993AA8E00DA3A13 /* AddingReviewViewController.swift in Sources */ = {isa = PBXBuildFile; fileRef = D39491BE2993AA8E00DA3A13 /* AddingReviewViewController.swift */; };
		D3FC2CF9297F3B0600BD0485 /* default.jpeg in Resources */ = {isa = PBXBuildFile; fileRef = D3FC2CF8297F3B0600BD0485 /* default.jpeg */; };
/* End PBXBuildFile section */

/* Begin PBXFileReference section */
		D328271E29B172E900B1677A /* WhiskeyPlease.xcdatamodel */ = {isa = PBXFileReference; lastKnownFileType = wrapper.xcdatamodel; path = WhiskeyPlease.xcdatamodel; sourceTree = "<group>"; };
		D328272029B1745100B1677A /* WhiskeyCoreData.swift */ = {isa = PBXFileReference; lastKnownFileType = sourcecode.swift; path = WhiskeyCoreData.swift; sourceTree = "<group>"; };
		D328273C29BA21C500B1677A /* ProfileCoreData.swift */ = {isa = PBXFileReference; lastKnownFileType = sourcecode.swift; path = ProfileCoreData.swift; sourceTree = "<group>"; };
		D35626E62978925E00926239 /* WhiskeyPlease.app */ = {isa = PBXFileReference; explicitFileType = wrapper.application; includeInIndex = 0; path = WhiskeyPlease.app; sourceTree = BUILT_PRODUCTS_DIR; };
		D35626E92978925E00926239 /* AppDelegate.swift */ = {isa = PBXFileReference; lastKnownFileType = sourcecode.swift; path = AppDelegate.swift; sourceTree = "<group>"; };
		D35626EB2978925E00926239 /* SceneDelegate.swift */ = {isa = PBXFileReference; lastKnownFileType = sourcecode.swift; path = SceneDelegate.swift; sourceTree = "<group>"; };
		D35626ED2978925E00926239 /* ViewController.swift */ = {isa = PBXFileReference; lastKnownFileType = sourcecode.swift; path = ViewController.swift; sourceTree = "<group>"; };
		D35626F02978925E00926239 /* Base */ = {isa = PBXFileReference; lastKnownFileType = file.storyboard; name = Base; path = Base.lproj/Main.storyboard; sourceTree = "<group>"; };
		D35626F22978925F00926239 /* Assets.xcassets */ = {isa = PBXFileReference; lastKnownFileType = folder.assetcatalog; path = Assets.xcassets; sourceTree = "<group>"; };
		D35626F52978925F00926239 /* Base */ = {isa = PBXFileReference; lastKnownFileType = file.storyboard; name = Base; path = Base.lproj/LaunchScreen.storyboard; sourceTree = "<group>"; };
		D35626F72978925F00926239 /* Info.plist */ = {isa = PBXFileReference; lastKnownFileType = text.plist.xml; path = Info.plist; sourceTree = "<group>"; };
		D3562701297DF3C100926239 /* ArticleTableViewCell.swift */ = {isa = PBXFileReference; lastKnownFileType = sourcecode.swift; path = ArticleTableViewCell.swift; sourceTree = "<group>"; };
		D35A6A2829898C4400E4CAD2 /* articles.json */ = {isa = PBXFileReference; fileEncoding = 4; lastKnownFileType = text.json; path = articles.json; sourceTree = "<group>"; };
		D35A6A2A29898C7200E4CAD2 /* LoadArticles.swift */ = {isa = PBXFileReference; lastKnownFileType = sourcecode.swift; path = LoadArticles.swift; sourceTree = "<group>"; };
		D35A6A2C29898CCE00E4CAD2 /* ArticleStructs.swift */ = {isa = PBXFileReference; lastKnownFileType = sourcecode.swift; path = ArticleStructs.swift; sourceTree = "<group>"; };
		D35A6A332989BA8F00E4CAD2 /* johnniewalkerIcon.jpeg */ = {isa = PBXFileReference; lastKnownFileType = image.jpeg; path = johnniewalkerIcon.jpeg; sourceTree = "<group>"; };
		D35A6A342989BA8F00E4CAD2 /* ballantinesIcon.jpeg */ = {isa = PBXFileReference; lastKnownFileType = image.jpeg; path = ballantinesIcon.jpeg; sourceTree = "<group>"; };
		D35A6A352989BA8F00E4CAD2 /* jackdanielsIcon.jpeg */ = {isa = PBXFileReference; lastKnownFileType = image.jpeg; path = jackdanielsIcon.jpeg; sourceTree = "<group>"; };
		D35A6A362989BA8F00E4CAD2 /* jamesonIcon.jpeg */ = {isa = PBXFileReference; lastKnownFileType = image.jpeg; path = jamesonIcon.jpeg; sourceTree = "<group>"; };
		D35A6A372989BA8F00E4CAD2 /* jimbeamIcon.jpeg */ = {isa = PBXFileReference; lastKnownFileType = image.jpeg; path = jimbeamIcon.jpeg; sourceTree = "<group>"; };
		D35A6A3D298AECFB00E4CAD2 /* grantsIcon.jpeg */ = {isa = PBXFileReference; lastKnownFileType = image.jpeg; path = grantsIcon.jpeg; sourceTree = "<group>"; };
		D35A6A3E298AECFB00E4CAD2 /* yamazakiIcon.jpeg */ = {isa = PBXFileReference; lastKnownFileType = image.jpeg; path = yamazakiIcon.jpeg; sourceTree = "<group>"; };
		D35A6A3F298AECFB00E4CAD2 /* makersmarkIcon.jpeg */ = {isa = PBXFileReference; lastKnownFileType = image.jpeg; path = makersmarkIcon.jpeg; sourceTree = "<group>"; };
		D35A6A40298AECFB00E4CAD2 /* tullamoredewIcon.jpeg */ = {isa = PBXFileReference; lastKnownFileType = image.jpeg; path = tullamoredewIcon.jpeg; sourceTree = "<group>"; };
		D35A6A41298AECFB00E4CAD2 /* thefamousgrouseIcon.jpeg */ = {isa = PBXFileReference; lastKnownFileType = image.jpeg; path = thefamousgrouseIcon.jpeg; sourceTree = "<group>"; };
		D35A6A61298C712100E4CAD2 /* MyWhiskeysView.swift */ = {isa = PBXFileReference; lastKnownFileType = sourcecode.swift; path = MyWhiskeysView.swift; sourceTree = "<group>"; };
		D35A6A63298C7A2C00E4CAD2 /* ProfileView.swift */ = {isa = PBXFileReference; lastKnownFileType = sourcecode.swift; path = ProfileView.swift; sourceTree = "<group>"; };
		D35A6A6529906A1300E4CAD2 /* ReviewedWhiskey.swift */ = {isa = PBXFileReference; lastKnownFileType = sourcecode.swift; path = ReviewedWhiskey.swift; sourceTree = "<group>"; };
		D35A6A6729916A1500E4CAD2 /* ReviewedWhiskeyCollectionViewCell.swift */ = {isa = PBXFileReference; lastKnownFileType = sourcecode.swift; path = ReviewedWhiskeyCollectionViewCell.swift; sourceTree = "<group>"; };
		D365E21C2980328F00CE9CFE /* ArticleDetailView.swift */ = {isa = PBXFileReference; lastKnownFileType = sourcecode.swift; path = ArticleDetailView.swift; sourceTree = "<group>"; };
		D39491BC2992F9E300DA3A13 /* RatingController.swift */ = {isa = PBXFileReference; lastKnownFileType = sourcecode.swift; path = RatingController.swift; sourceTree = "<group>"; };
		D39491BE2993AA8E00DA3A13 /* AddingReviewViewController.swift */ = {isa = PBXFileReference; lastKnownFileType = sourcecode.swift; path = AddingReviewViewController.swift; sourceTree = "<group>"; };
		D3FC2CF8297F3B0600BD0485 /* default.jpeg */ = {isa = PBXFileReference; lastKnownFileType = image.jpeg; path = default.jpeg; sourceTree = "<group>"; };
/* End PBXFileReference section */

/* Begin PBXFrameworksBuildPhase section */
		D35626E32978925E00926239 /* Frameworks */ = {
			isa = PBXFrameworksBuildPhase;
			buildActionMask = 2147483647;
			files = (
			);
			runOnlyForDeploymentPostprocessing = 0;
		};
/* End PBXFrameworksBuildPhase section */

/* Begin PBXGroup section */
		D35626DD2978925E00926239 = {
			isa = PBXGroup;
			children = (
				D35626E82978925E00926239 /* WhiskeyPlease */,
				D35626E72978925E00926239 /* Products */,
			);
			sourceTree = "<group>";
		};
		D35626E72978925E00926239 /* Products */ = {
			isa = PBXGroup;
			children = (
				D35626E62978925E00926239 /* WhiskeyPlease.app */,
			);
			name = Products;
			sourceTree = "<group>";
		};
		D35626E82978925E00926239 /* WhiskeyPlease */ = {
			isa = PBXGroup;
			children = (
				D3B6817B299AF1D80036434C /* Model */,
				D35A6A322989BA5000E4CAD2 /* ArticleIcons */,
				D35A6A2F2989935800E4CAD2 /* JSON */,
				D35A6A2E2989933B00E4CAD2 /* Views */,
				D35626E92978925E00926239 /* AppDelegate.swift */,
				D35626EB2978925E00926239 /* SceneDelegate.swift */,
				D35626F22978925F00926239 /* Assets.xcassets */,
				D35626F42978925F00926239 /* LaunchScreen.storyboard */,
				D35626F72978925F00926239 /* Info.plist */,
			);
			path = WhiskeyPlease;
			sourceTree = "<group>";
		};
		D35A6A2E2989933B00E4CAD2 /* Views */ = {
			isa = PBXGroup;
			children = (
				D35626EF2978925E00926239 /* Main.storyboard */,
				D39491BC2992F9E300DA3A13 /* RatingController.swift */,
				D3B6817A299AF1730036434C /* ArticlesTab */,
				D3B6817D299AF2810036434C /* MyWhiskeysTab */,
				D3B6817C299AF2670036434C /* ProfileTab */,
			);
			path = Views;
			sourceTree = "<group>";
		};
		D35A6A2F2989935800E4CAD2 /* JSON */ = {
			isa = PBXGroup;
			children = (
				D35A6A2829898C4400E4CAD2 /* articles.json */,
				D35A6A2A29898C7200E4CAD2 /* LoadArticles.swift */,
				D35A6A2C29898CCE00E4CAD2 /* ArticleStructs.swift */,
			);
			path = JSON;
			sourceTree = "<group>";
		};
		D35A6A322989BA5000E4CAD2 /* ArticleIcons */ = {
			isa = PBXGroup;
			children = (
				D3FC2CF8297F3B0600BD0485 /* default.jpeg */,
				D35A6A342989BA8F00E4CAD2 /* ballantinesIcon.jpeg */,
				D35A6A352989BA8F00E4CAD2 /* jackdanielsIcon.jpeg */,
				D35A6A362989BA8F00E4CAD2 /* jamesonIcon.jpeg */,
				D35A6A372989BA8F00E4CAD2 /* jimbeamIcon.jpeg */,
				D35A6A332989BA8F00E4CAD2 /* johnniewalkerIcon.jpeg */,
				D35A6A3D298AECFB00E4CAD2 /* grantsIcon.jpeg */,
				D35A6A3F298AECFB00E4CAD2 /* makersmarkIcon.jpeg */,
				D35A6A41298AECFB00E4CAD2 /* thefamousgrouseIcon.jpeg */,
				D35A6A40298AECFB00E4CAD2 /* tullamoredewIcon.jpeg */,
				D35A6A3E298AECFB00E4CAD2 /* yamazakiIcon.jpeg */,
			);
			name = ArticleIcons;
			path = JSON;
			sourceTree = "<group>";
		};
		D3B6817A299AF1730036434C /* ArticlesTab */ = {
			isa = PBXGroup;
			children = (
				D35626ED2978925E00926239 /* ViewController.swift */,
				D3562701297DF3C100926239 /* ArticleTableViewCell.swift */,
				D365E21C2980328F00CE9CFE /* ArticleDetailView.swift */,
			);
			path = ArticlesTab;
			sourceTree = "<group>";
		};
		D3B6817B299AF1D80036434C /* Model */ = {
			isa = PBXGroup;
			children = (
				D328272029B1745100B1677A /* WhiskeyCoreData.swift */,
				D328273C29BA21C500B1677A /* ProfileCoreData.swift */,
				D35A6A6529906A1300E4CAD2 /* ReviewedWhiskey.swift */,
				D328271D29B172E900B1677A /* WhiskeyPlease.xcdatamodeld */,
			);
			path = Model;
			sourceTree = "<group>";
		};
		D3B6817C299AF2670036434C /* ProfileTab */ = {
			isa = PBXGroup;
			children = (
				D35A6A63298C7A2C00E4CAD2 /* ProfileView.swift */,
			);
			path = ProfileTab;
			sourceTree = "<group>";
		};
		D3B6817D299AF2810036434C /* MyWhiskeysTab */ = {
			isa = PBXGroup;
			children = (
				D35A6A61298C712100E4CAD2 /* MyWhiskeysView.swift */,
				D35A6A6729916A1500E4CAD2 /* ReviewedWhiskeyCollectionViewCell.swift */,
				D39491BE2993AA8E00DA3A13 /* AddingReviewViewController.swift */,
			);
			path = MyWhiskeysTab;
			sourceTree = "<group>";
		};
/* End PBXGroup section */

/* Begin PBXNativeTarget section */
		D35626E52978925E00926239 /* WhiskeyPlease */ = {
			isa = PBXNativeTarget;
			buildConfigurationList = D35626FA2978925F00926239 /* Build configuration list for PBXNativeTarget "WhiskeyPlease" */;
			buildPhases = (
				D35626E22978925E00926239 /* Sources */,
				D35626E32978925E00926239 /* Frameworks */,
				D35626E42978925E00926239 /* Resources */,
			);
			buildRules = (
			);
			dependencies = (
			);
			name = WhiskeyPlease;
			productName = WhiskeyPlease;
			productReference = D35626E62978925E00926239 /* WhiskeyPlease.app */;
			productType = "com.apple.product-type.application";
		};
/* End PBXNativeTarget section */

/* Begin PBXProject section */
		D35626DE2978925E00926239 /* Project object */ = {
			isa = PBXProject;
			attributes = {
				BuildIndependentTargetsInParallel = 1;
				LastSwiftUpdateCheck = 1420;
				LastUpgradeCheck = 1420;
				TargetAttributes = {
					D35626E52978925E00926239 = {
						CreatedOnToolsVersion = 14.2;
					};
				};
			};
			buildConfigurationList = D35626E12978925E00926239 /* Build configuration list for PBXProject "WhiskeyPlease" */;
			compatibilityVersion = "Xcode 14.0";
			developmentRegion = en;
			hasScannedForEncodings = 0;
			knownRegions = (
				en,
				Base,
			);
			mainGroup = D35626DD2978925E00926239;
			productRefGroup = D35626E72978925E00926239 /* Products */;
			projectDirPath = "";
			projectRoot = "";
			targets = (
				D35626E52978925E00926239 /* WhiskeyPlease */,
			);
		};
/* End PBXProject section */

/* Begin PBXResourcesBuildPhase section */
		D35626E42978925E00926239 /* Resources */ = {
			isa = PBXResourcesBuildPhase;
			buildActionMask = 2147483647;
			files = (
				D35626F62978925F00926239 /* LaunchScreen.storyboard in Resources */,
				D35A6A43298AECFB00E4CAD2 /* yamazakiIcon.jpeg in Resources */,
				D35A6A392989BA8F00E4CAD2 /* ballantinesIcon.jpeg in Resources */,
				D35A6A3A2989BA8F00E4CAD2 /* jackdanielsIcon.jpeg in Resources */,
				D35626F32978925F00926239 /* Assets.xcassets in Resources */,
				D35A6A44298AECFB00E4CAD2 /* makersmarkIcon.jpeg in Resources */,
				D35A6A3C2989BA8F00E4CAD2 /* jimbeamIcon.jpeg in Resources */,
				D35A6A46298AECFB00E4CAD2 /* thefamousgrouseIcon.jpeg in Resources */,
				D35A6A382989BA8F00E4CAD2 /* johnniewalkerIcon.jpeg in Resources */,
				D35626F12978925E00926239 /* Main.storyboard in Resources */,
				D35A6A45298AECFB00E4CAD2 /* tullamoredewIcon.jpeg in Resources */,
				D35A6A42298AECFB00E4CAD2 /* grantsIcon.jpeg in Resources */,
				D3FC2CF9297F3B0600BD0485 /* default.jpeg in Resources */,
				D35A6A3B2989BA8F00E4CAD2 /* jamesonIcon.jpeg in Resources */,
				D35A6A2929898C4400E4CAD2 /* articles.json in Resources */,
			);
			runOnlyForDeploymentPostprocessing = 0;
		};
/* End PBXResourcesBuildPhase section */

/* Begin PBXSourcesBuildPhase section */
		D35626E22978925E00926239 /* Sources */ = {
			isa = PBXSourcesBuildPhase;
			buildActionMask = 2147483647;
			files = (
				D328271F29B172E900B1677A /* WhiskeyPlease.xcdatamodeld in Sources */,
				D35A6A2B29898C7200E4CAD2 /* LoadArticles.swift in Sources */,
				D35A6A64298C7A2C00E4CAD2 /* ProfileView.swift in Sources */,
				D39491BD2992F9E300DA3A13 /* RatingController.swift in Sources */,
				D328273D29BA21C500B1677A /* ProfileCoreData.swift in Sources */,
				D35A6A6829916A1500E4CAD2 /* ReviewedWhiskeyCollectionViewCell.swift in Sources */,
				D35A6A62298C712100E4CAD2 /* MyWhiskeysView.swift in Sources */,
				D3562702297DF3C100926239 /* ArticleTableViewCell.swift in Sources */,
				D35626EE2978925E00926239 /* ViewController.swift in Sources */,
				D35A6A6629906A1300E4CAD2 /* ReviewedWhiskey.swift in Sources */,
				D35626EA2978925E00926239 /* AppDelegate.swift in Sources */,
				D365E21D2980328F00CE9CFE /* ArticleDetailView.swift in Sources */,
				D35A6A2D29898CCE00E4CAD2 /* ArticleStructs.swift in Sources */,
				D39491BF2993AA8E00DA3A13 /* AddingReviewViewController.swift in Sources */,
				D328272129B1745100B1677A /* WhiskeyCoreData.swift in Sources */,
				D35626EC2978925E00926239 /* SceneDelegate.swift in Sources */,
			);
			runOnlyForDeploymentPostprocessing = 0;
		};
/* End PBXSourcesBuildPhase section */

/* Begin PBXVariantGroup section */
		D35626EF2978925E00926239 /* Main.storyboard */ = {
			isa = PBXVariantGroup;
			children = (
				D35626F02978925E00926239 /* Base */,
			);
			name = Main.storyboard;
			sourceTree = "<group>";
		};
		D35626F42978925F00926239 /* LaunchScreen.storyboard */ = {
			isa = PBXVariantGroup;
			children = (
				D35626F52978925F00926239 /* Base */,
			);
			name = LaunchScreen.storyboard;
			sourceTree = "<group>";
		};
/* End PBXVariantGroup section */

/* Begin XCBuildConfiguration section */
		D35626F82978925F00926239 /* Debug */ = {
			isa = XCBuildConfiguration;
			buildSettings = {
				ALWAYS_SEARCH_USER_PATHS = NO;
				CLANG_ANALYZER_NONNULL = YES;
				CLANG_ANALYZER_NUMBER_OBJECT_CONVERSION = YES_AGGRESSIVE;
				CLANG_CXX_LANGUAGE_STANDARD = "gnu++20";
				CLANG_ENABLE_MODULES = YES;
				CLANG_ENABLE_OBJC_ARC = YES;
				CLANG_ENABLE_OBJC_WEAK = YES;
				CLANG_WARN_BLOCK_CAPTURE_AUTORELEASING = YES;
				CLANG_WARN_BOOL_CONVERSION = YES;
				CLANG_WARN_COMMA = YES;
				CLANG_WARN_CONSTANT_CONVERSION = YES;
				CLANG_WARN_DEPRECATED_OBJC_IMPLEMENTATIONS = YES;
				CLANG_WARN_DIRECT_OBJC_ISA_USAGE = YES_ERROR;
				CLANG_WARN_DOCUMENTATION_COMMENTS = YES;
				CLANG_WARN_EMPTY_BODY = YES;
				CLANG_WARN_ENUM_CONVERSION = YES;
				CLANG_WARN_INFINITE_RECURSION = YES;
				CLANG_WARN_INT_CONVERSION = YES;
				CLANG_WARN_NON_LITERAL_NULL_CONVERSION = YES;
				CLANG_WARN_OBJC_IMPLICIT_RETAIN_SELF = YES;
				CLANG_WARN_OBJC_LITERAL_CONVERSION = YES;
				CLANG_WARN_OBJC_ROOT_CLASS = YES_ERROR;
				CLANG_WARN_QUOTED_INCLUDE_IN_FRAMEWORK_HEADER = YES;
				CLANG_WARN_RANGE_LOOP_ANALYSIS = YES;
				CLANG_WARN_STRICT_PROTOTYPES = YES;
				CLANG_WARN_SUSPICIOUS_MOVE = YES;
				CLANG_WARN_UNGUARDED_AVAILABILITY = YES_AGGRESSIVE;
				CLANG_WARN_UNREACHABLE_CODE = YES;
				CLANG_WARN__DUPLICATE_METHOD_MATCH = YES;
				COPY_PHASE_STRIP = NO;
				DEBUG_INFORMATION_FORMAT = dwarf;
				ENABLE_STRICT_OBJC_MSGSEND = YES;
				ENABLE_TESTABILITY = YES;
				GCC_C_LANGUAGE_STANDARD = gnu11;
				GCC_DYNAMIC_NO_PIC = NO;
				GCC_NO_COMMON_BLOCKS = YES;
				GCC_OPTIMIZATION_LEVEL = 0;
				GCC_PREPROCESSOR_DEFINITIONS = (
					"DEBUG=1",
					"$(inherited)",
				);
				GCC_WARN_64_TO_32_BIT_CONVERSION = YES;
				GCC_WARN_ABOUT_RETURN_TYPE = YES_ERROR;
				GCC_WARN_UNDECLARED_SELECTOR = YES;
				GCC_WARN_UNINITIALIZED_AUTOS = YES_AGGRESSIVE;
				GCC_WARN_UNUSED_FUNCTION = YES;
				GCC_WARN_UNUSED_VARIABLE = YES;
				IPHONEOS_DEPLOYMENT_TARGET = 16.2;
				MTL_ENABLE_DEBUG_INFO = INCLUDE_SOURCE;
				MTL_FAST_MATH = YES;
				ONLY_ACTIVE_ARCH = YES;
				SDKROOT = iphoneos;
				SWIFT_ACTIVE_COMPILATION_CONDITIONS = DEBUG;
				SWIFT_OPTIMIZATION_LEVEL = "-Onone";
			};
			name = Debug;
		};
		D35626F92978925F00926239 /* Release */ = {
			isa = XCBuildConfiguration;
			buildSettings = {
				ALWAYS_SEARCH_USER_PATHS = NO;
				CLANG_ANALYZER_NONNULL = YES;
				CLANG_ANALYZER_NUMBER_OBJECT_CONVERSION = YES_AGGRESSIVE;
				CLANG_CXX_LANGUAGE_STANDARD = "gnu++20";
				CLANG_ENABLE_MODULES = YES;
				CLANG_ENABLE_OBJC_ARC = YES;
				CLANG_ENABLE_OBJC_WEAK = YES;
				CLANG_WARN_BLOCK_CAPTURE_AUTORELEASING = YES;
				CLANG_WARN_BOOL_CONVERSION = YES;
				CLANG_WARN_COMMA = YES;
				CLANG_WARN_CONSTANT_CONVERSION = YES;
				CLANG_WARN_DEPRECATED_OBJC_IMPLEMENTATIONS = YES;
				CLANG_WARN_DIRECT_OBJC_ISA_USAGE = YES_ERROR;
				CLANG_WARN_DOCUMENTATION_COMMENTS = YES;
				CLANG_WARN_EMPTY_BODY = YES;
				CLANG_WARN_ENUM_CONVERSION = YES;
				CLANG_WARN_INFINITE_RECURSION = YES;
				CLANG_WARN_INT_CONVERSION = YES;
				CLANG_WARN_NON_LITERAL_NULL_CONVERSION = YES;
				CLANG_WARN_OBJC_IMPLICIT_RETAIN_SELF = YES;
				CLANG_WARN_OBJC_LITERAL_CONVERSION = YES;
				CLANG_WARN_OBJC_ROOT_CLASS = YES_ERROR;
				CLANG_WARN_QUOTED_INCLUDE_IN_FRAMEWORK_HEADER = YES;
				CLANG_WARN_RANGE_LOOP_ANALYSIS = YES;
				CLANG_WARN_STRICT_PROTOTYPES = YES;
				CLANG_WARN_SUSPICIOUS_MOVE = YES;
				CLANG_WARN_UNGUARDED_AVAILABILITY = YES_AGGRESSIVE;
				CLANG_WARN_UNREACHABLE_CODE = YES;
				CLANG_WARN__DUPLICATE_METHOD_MATCH = YES;
				COPY_PHASE_STRIP = NO;
				DEBUG_INFORMATION_FORMAT = "dwarf-with-dsym";
				ENABLE_NS_ASSERTIONS = NO;
				ENABLE_STRICT_OBJC_MSGSEND = YES;
				GCC_C_LANGUAGE_STANDARD = gnu11;
				GCC_NO_COMMON_BLOCKS = YES;
				GCC_WARN_64_TO_32_BIT_CONVERSION = YES;
				GCC_WARN_ABOUT_RETURN_TYPE = YES_ERROR;
				GCC_WARN_UNDECLARED_SELECTOR = YES;
				GCC_WARN_UNINITIALIZED_AUTOS = YES_AGGRESSIVE;
				GCC_WARN_UNUSED_FUNCTION = YES;
				GCC_WARN_UNUSED_VARIABLE = YES;
				IPHONEOS_DEPLOYMENT_TARGET = 16.2;
				MTL_ENABLE_DEBUG_INFO = NO;
				MTL_FAST_MATH = YES;
				SDKROOT = iphoneos;
				SWIFT_COMPILATION_MODE = wholemodule;
				SWIFT_OPTIMIZATION_LEVEL = "-O";
				VALIDATE_PRODUCT = YES;
			};
			name = Release;
		};
		D35626FB2978925F00926239 /* Debug */ = {
			isa = XCBuildConfiguration;
			buildSettings = {
				ASSETCATALOG_COMPILER_APPICON_NAME = AppIcon;
				ASSETCATALOG_COMPILER_GLOBAL_ACCENT_COLOR_NAME = AccentColor;
				CODE_SIGN_STYLE = Automatic;
				CURRENT_PROJECT_VERSION = 1;
				DEVELOPMENT_TEAM = 2637HTLV24;
				GENERATE_INFOPLIST_FILE = YES;
				INFOPLIST_FILE = WhiskeyPlease/Info.plist;
				INFOPLIST_KEY_LSApplicationCategoryType = "public.app-category.food-and-drink";
				INFOPLIST_KEY_UIApplicationSupportsIndirectInputEvents = YES;
				INFOPLIST_KEY_UILaunchStoryboardName = LaunchScreen;
				INFOPLIST_KEY_UIMainStoryboardFile = Main;
				INFOPLIST_KEY_UIStatusBarStyle = UIStatusBarStyleDefault;
				INFOPLIST_KEY_UISupportedInterfaceOrientations = UIInterfaceOrientationPortrait;
				INFOPLIST_KEY_UISupportedInterfaceOrientations_iPad = "UIInterfaceOrientationLandscapeLeft UIInterfaceOrientationLandscapeRight UIInterfaceOrientationPortrait UIInterfaceOrientationPortraitUpsideDown";
				INFOPLIST_KEY_UIUserInterfaceStyle = Dark;
				IPHONEOS_DEPLOYMENT_TARGET = 16.0;
				LD_RUNPATH_SEARCH_PATHS = (
					"$(inherited)",
					"@executable_path/Frameworks",
				);
				MARKETING_VERSION = 1.0;
				PRODUCT_BUNDLE_IDENTIFIER = JakubPrus.WhiskeyPlease;
				PRODUCT_NAME = "$(TARGET_NAME)";
				SUPPORTED_PLATFORMS = "iphoneos iphonesimulator";
				SUPPORTS_MACCATALYST = NO;
				SUPPORTS_MAC_DESIGNED_FOR_IPHONE_IPAD = NO;
				SWIFT_EMIT_LOC_STRINGS = YES;
				SWIFT_VERSION = 5.0;
				TARGETED_DEVICE_FAMILY = 1;
			};
			name = Debug;
		};
		D35626FC2978925F00926239 /* Release */ = {
			isa = XCBuildConfiguration;
			buildSettings = {
				ASSETCATALOG_COMPILER_APPICON_NAME = AppIcon;
				ASSETCATALOG_COMPILER_GLOBAL_ACCENT_COLOR_NAME = AccentColor;
				CODE_SIGN_STYLE = Automatic;
				CURRENT_PROJECT_VERSION = 1;
				DEVELOPMENT_TEAM = 2637HTLV24;
				GENERATE_INFOPLIST_FILE = YES;
				INFOPLIST_FILE = WhiskeyPlease/Info.plist;
				INFOPLIST_KEY_LSApplicationCategoryType = "public.app-category.food-and-drink";
				INFOPLIST_KEY_UIApplicationSupportsIndirectInputEvents = YES;
				INFOPLIST_KEY_UILaunchStoryboardName = LaunchScreen;
				INFOPLIST_KEY_UIMainStoryboardFile = Main;
				INFOPLIST_KEY_UIStatusBarStyle = UIStatusBarStyleDefault;
				INFOPLIST_KEY_UISupportedInterfaceOrientations = UIInterfaceOrientationPortrait;
				INFOPLIST_KEY_UISupportedInterfaceOrientations_iPad = "UIInterfaceOrientationLandscapeLeft UIInterfaceOrientationLandscapeRight UIInterfaceOrientationPortrait UIInterfaceOrientationPortraitUpsideDown";
				INFOPLIST_KEY_UIUserInterfaceStyle = Dark;
				IPHONEOS_DEPLOYMENT_TARGET = 16.0;
				LD_RUNPATH_SEARCH_PATHS = (
					"$(inherited)",
					"@executable_path/Frameworks",
				);
				MARKETING_VERSION = 1.0;
				PRODUCT_BUNDLE_IDENTIFIER = JakubPrus.WhiskeyPlease;
				PRODUCT_NAME = "$(TARGET_NAME)";
				SUPPORTED_PLATFORMS = "iphoneos iphonesimulator";
				SUPPORTS_MACCATALYST = NO;
				SUPPORTS_MAC_DESIGNED_FOR_IPHONE_IPAD = NO;
				SWIFT_EMIT_LOC_STRINGS = YES;
				SWIFT_VERSION = 5.0;
				TARGETED_DEVICE_FAMILY = 1;
			};
			name = Release;
		};
/* End XCBuildConfiguration section */

/* Begin XCConfigurationList section */
		D35626E12978925E00926239 /* Build configuration list for PBXProject "WhiskeyPlease" */ = {
			isa = XCConfigurationList;
			buildConfigurations = (
				D35626F82978925F00926239 /* Debug */,
				D35626F92978925F00926239 /* Release */,
			);
			defaultConfigurationIsVisible = 0;
			defaultConfigurationName = Release;
		};
		D35626FA2978925F00926239 /* Build configuration list for PBXNativeTarget "WhiskeyPlease" */ = {
			isa = XCConfigurationList;
			buildConfigurations = (
				D35626FB2978925F00926239 /* Debug */,
				D35626FC2978925F00926239 /* Release */,
			);
			defaultConfigurationIsVisible = 0;
			defaultConfigurationName = Release;
		};
/* End XCConfigurationList section */

/* Begin XCVersionGroup section */
		D328271D29B172E900B1677A /* WhiskeyPlease.xcdatamodeld */ = {
			isa = XCVersionGroup;
			children = (
				D328271E29B172E900B1677A /* WhiskeyPlease.xcdatamodel */,
			);
			currentVersion = D328271E29B172E900B1677A /* WhiskeyPlease.xcdatamodel */;
			path = WhiskeyPlease.xcdatamodeld;
			sourceTree = "<group>";
			versionGroupType = wrapper.xcdatamodel;
		};
/* End XCVersionGroup section */
	};
	rootObject = D35626DE2978925E00926239 /* Project object */;
}
